dependencies:
- name: rbc-auth
  repository: file://../subcharts/rbc-auth
  version: 0.1.6
- name: nats
  repository: https://nats-io.github.io/k8s/helm/charts/
  version: 0.14.2
digest: sha256:89142f6056c1d59f092c4d83a5d1f8ee05e5de4f788e74a14cf9a49b342c9468
generated: "2022-03-22T15:46:48.264255+11:00"
