dependencies:
- name: rbc-auth
  repository: file://../subcharts/rbc-auth
  version: 0.1.13
- name: rbc-subscriptions
  repository: file://../subcharts/rbc-subscriptions
  version: 0.1.10
- name: nats
  repository: https://nats-io.github.io/k8s/helm/charts/
  version: 0.14.2
digest: sha256:bcc53b0c63997586f70775ced4d401e0e506357ffa213c8f297a3a11ceead4d8
generated: "2022-03-24T10:35:58.349857+11:00"
